
Microsoft Visual Studio Solution File, Format Version 12.00
# Visual Studio Version 17
VisualStudioVersion = 17.14.36301.6
MinimumVisualStudioVersion = 10.0.40219.1
Project("{FAE04EC0-301F-11D3-BF4B-00C04F79EFBC}") = "HPC_HL7_CONNECTBACK", "HPC_HL7_CONNECTBACK\HPC_HL7_CONNECTBACK.csproj", "{A88E5CAC-A52D-45D2-BBAE-0BCA6BFED545}"
EndProject
Project("{FAE04EC0-301F-11D3-BF4B-00C04F79EFBC}") = "00_Entities", "00_Entities\00_Entities.csproj", "{78F4CCEB-EE2A-4D48-B4D3-222735C769DB}"
EndProject
Project("{FAE04EC0-301F-11D3-BF4B-00C04F79EFBC}") = "01_DataLogic", "01_DataLogic\01_DataLogic.csproj", "{27C063B7-013C-487A-ACF0-AE339E7ED3B3}"
EndProject
Project("{FAE04EC0-301F-11D3-BF4B-00C04F79EFBC}") = "02_BusinessLogic", "02_BusinessLogic\02_BusinessLogic.csproj", "{D57F73F1-2DA6-4D32-BB56-747F299EFA4B}"
EndProject
Global
	GlobalSection(SolutionConfigurationPlatforms) = preSolution
		Debug|Any CPU = Debug|Any CPU
		Release|Any CPU = Release|Any CPU
	EndGlobalSection
	GlobalSection(ProjectConfigurationPlatforms) = postSolution
		{A88E5CAC-A52D-45D2-BBAE-0BCA6BFED545}.Debug|Any CPU.ActiveCfg = Debug|Any CPU
		{A88E5CAC-A52D-45D2-BBAE-0BCA6BFED545}.Debug|Any CPU.Build.0 = Debug|Any CPU
		{A88E5CAC-A52D-45D2-BBAE-0BCA6BFED545}.Release|Any CPU.ActiveCfg = Release|Any CPU
		{A88E5CAC-A52D-45D2-BBAE-0BCA6BFED545}.Release|Any CPU.Build.0 = Release|Any CPU
		{78F4CCEB-EE2A-4D48-B4D3-222735C769DB}.Debug|Any CPU.ActiveCfg = Debug|Any CPU
		{78F4CCEB-EE2A-4D48-B4D3-222735C769DB}.Debug|Any CPU.Build.0 = Debug|Any CPU
		{78F4CCEB-EE2A-4D48-B4D3-222735C769DB}.Release|Any CPU.ActiveCfg = Release|Any CPU
		{78F4CCEB-EE2A-4D48-B4D3-222735C769DB}.Release|Any CPU.Build.0 = Release|Any CPU
		{27C063B7-013C-487A-ACF0-AE339E7ED3B3}.Debug|Any CPU.ActiveCfg = Debug|Any CPU
		{27C063B7-013C-487A-ACF0-AE339E7ED3B3}.Debug|Any CPU.Build.0 = Debug|Any CPU
		{27C063B7-013C-487A-ACF0-AE339E7ED3B3}.Release|Any CPU.ActiveCfg = Release|Any CPU
		{27C063B7-013C-487A-ACF0-AE339E7ED3B3}.Release|Any CPU.Build.0 = Release|Any CPU
		{D57F73F1-2DA6-4D32-BB56-747F299EFA4B}.Debug|Any CPU.ActiveCfg = Debug|Any CPU
		{D57F73F1-2DA6-4D32-BB56-747F299EFA4B}.Debug|Any CPU.Build.0 = Debug|Any CPU
		{D57F73F1-2DA6-4D32-BB56-747F299EFA4B}.Release|Any CPU.ActiveCfg = Release|Any CPU
		{D57F73F1-2DA6-4D32-BB56-747F299EFA4B}.Release|Any CPU.Build.0 = Release|Any CPU
	EndGlobalSection
	GlobalSection(SolutionProperties) = preSolution
		HideSolutionNode = FALSE
	EndGlobalSection
	GlobalSection(ExtensibilityGlobals) = postSolution
		SolutionGuid = {4D651FB3-901D-435C-8AC7-6529F3FE8E44}
	EndGlobalSection
EndGlobal
